
Microsoft Visual Studio Solution File, Format Version 12.00
# Visual Studio 15
VisualStudioVersion = 15.0.28307.757
MinimumVisualStudioVersion = 10.0.40219.1
Project("{2150E333-8FDC-42A3-9474-1A3956D46DE8}") = "Solution Items", "Solution Items", "{F63CB47F-4E90-4835-86A7-0B7EB289C61F}"
	ProjectSection(SolutionItems) = preProject
		presentation.md = presentation.md
	EndProjectSection
EndProject
Project("{2150E333-8FDC-42A3-9474-1A3956D46DE8}") = "ServicesAndRepos", "ServicesAndRepos", "{8F9D30AF-D04F-458F-AE1D-4E1BC9CE2BAE}"
EndProject
Project("{FAE04EC0-301F-11D3-BF4B-00C04F79EFBC}") = "ServicesAndRepos.Web", "ServicesAndRepos.Web\ServicesAndRepos.Web.csproj", "{B3F57F6F-9EC3-40BC-B4C0-8388855441CF}"
EndProject
Project("{FAE04EC0-301F-11D3-BF4B-00C04F79EFBC}") = "ServicesAndRepos.Services.Interfaces", "ServicesAndRepos.Services.Interfaces\ServicesAndRepos.Services.Interfaces.csproj", "{F0614349-BE28-43B8-AC5D-C1E73A8957F8}"
EndProject
Project("{FAE04EC0-301F-11D3-BF4B-00C04F79EFBC}") = "ServicesAndRepos.Services", "ServicesAndRepos.Services\ServicesAndRepos.Services.csproj", "{E8F354F4-52CB-431B-8772-631E11D9DB6D}"
EndProject
Project("{FAE04EC0-301F-11D3-BF4B-00C04F79EFBC}") = "ServicesAndRepos.DataAccess.EntityFramework", "ServicesAndRepos.DataAccess.EntityFramework\ServicesAndRepos.DataAccess.EntityFramework.csproj", "{2A63F036-6343-47E9-8DB1-43CBBF7428A9}"
EndProject
Project("{FAE04EC0-301F-11D3-BF4B-00C04F79EFBC}") = "ServicesAndRepos.DataAccess", "ServicesAndRepos.DataAccess\ServicesAndRepos.DataAccess.csproj", "{19F3CFE7-9464-4C9B-99A6-0D27CE7B9402}"
EndProject
Global
	GlobalSection(SolutionConfigurationPlatforms) = preSolution
		Debug|Any CPU = Debug|Any CPU
		Release|Any CPU = Release|Any CPU
	EndGlobalSection
	GlobalSection(ProjectConfigurationPlatforms) = postSolution
		{B3F57F6F-9EC3-40BC-B4C0-8388855441CF}.Debug|Any CPU.ActiveCfg = Debug|Any CPU
		{B3F57F6F-9EC3-40BC-B4C0-8388855441CF}.Debug|Any CPU.Build.0 = Debug|Any CPU
		{B3F57F6F-9EC3-40BC-B4C0-8388855441CF}.Release|Any CPU.ActiveCfg = Release|Any CPU
		{B3F57F6F-9EC3-40BC-B4C0-8388855441CF}.Release|Any CPU.Build.0 = Release|Any CPU
		{F0614349-BE28-43B8-AC5D-C1E73A8957F8}.Debug|Any CPU.ActiveCfg = Debug|Any CPU
		{F0614349-BE28-43B8-AC5D-C1E73A8957F8}.Debug|Any CPU.Build.0 = Debug|Any CPU
		{F0614349-BE28-43B8-AC5D-C1E73A8957F8}.Release|Any CPU.ActiveCfg = Release|Any CPU
		{F0614349-BE28-43B8-AC5D-C1E73A8957F8}.Release|Any CPU.Build.0 = Release|Any CPU
		{E8F354F4-52CB-431B-8772-631E11D9DB6D}.Debug|Any CPU.ActiveCfg = Debug|Any CPU
		{E8F354F4-52CB-431B-8772-631E11D9DB6D}.Debug|Any CPU.Build.0 = Debug|Any CPU
		{E8F354F4-52CB-431B-8772-631E11D9DB6D}.Release|Any CPU.ActiveCfg = Release|Any CPU
		{E8F354F4-52CB-431B-8772-631E11D9DB6D}.Release|Any CPU.Build.0 = Release|Any CPU
		{2A63F036-6343-47E9-8DB1-43CBBF7428A9}.Debug|Any CPU.ActiveCfg = Debug|Any CPU
		{2A63F036-6343-47E9-8DB1-43CBBF7428A9}.Debug|Any CPU.Build.0 = Debug|Any CPU
		{2A63F036-6343-47E9-8DB1-43CBBF7428A9}.Release|Any CPU.ActiveCfg = Release|Any CPU
		{2A63F036-6343-47E9-8DB1-43CBBF7428A9}.Release|Any CPU.Build.0 = Release|Any CPU
		{19F3CFE7-9464-4C9B-99A6-0D27CE7B9402}.Debug|Any CPU.ActiveCfg = Debug|Any CPU
		{19F3CFE7-9464-4C9B-99A6-0D27CE7B9402}.Debug|Any CPU.Build.0 = Debug|Any CPU
		{19F3CFE7-9464-4C9B-99A6-0D27CE7B9402}.Release|Any CPU.ActiveCfg = Release|Any CPU
		{19F3CFE7-9464-4C9B-99A6-0D27CE7B9402}.Release|Any CPU.Build.0 = Release|Any CPU
	EndGlobalSection
	GlobalSection(SolutionProperties) = preSolution
		HideSolutionNode = FALSE
	EndGlobalSection
	GlobalSection(NestedProjects) = preSolution
		{B3F57F6F-9EC3-40BC-B4C0-8388855441CF} = {8F9D30AF-D04F-458F-AE1D-4E1BC9CE2BAE}
		{F0614349-BE28-43B8-AC5D-C1E73A8957F8} = {8F9D30AF-D04F-458F-AE1D-4E1BC9CE2BAE}
		{E8F354F4-52CB-431B-8772-631E11D9DB6D} = {8F9D30AF-D04F-458F-AE1D-4E1BC9CE2BAE}
		{2A63F036-6343-47E9-8DB1-43CBBF7428A9} = {8F9D30AF-D04F-458F-AE1D-4E1BC9CE2BAE}
		{19F3CFE7-9464-4C9B-99A6-0D27CE7B9402} = {8F9D30AF-D04F-458F-AE1D-4E1BC9CE2BAE}
	EndGlobalSection
	GlobalSection(ExtensibilityGlobals) = postSolution
		SolutionGuid = {27E26F43-5CC2-437F-9382-8E171664B68A}
	EndGlobalSection
EndGlobal
